
Microsoft Visual Studio Solution File, Format Version 12.00
# Visual Studio Version 17
VisualStudioVersion = 17.0.31903.59
MinimumVisualStudioVersion = 10.0.40219.1
Project("{FAE04EC0-301F-11D3-BF4B-00C04F79EFBC}") = "Application", "Application\Application.csproj", "{CD6F4421-47E7-4E9A-BE51-F3CA42A78987}"
EndProject
Project("{FAE04EC0-301F-11D3-BF4B-00C04F79EFBC}") = "Domain", "Domain\Domain.csproj", "{77E1AF6F-BC83-4618-BC26-19051E96AD1F}"
EndProject
Project("{FAE04EC0-301F-11D3-BF4B-00C04F79EFBC}") = "Infrastructure", "Infrastructure\Infrastructure.csproj", "{45FEA7C0-7B8F-4CD3-A099-D8CF4C160C2A}"
EndProject
Project("{FAE04EC0-301F-11D3-BF4B-00C04F79EFBC}") = "WebAPI", "WebAPI\WebAPI.csproj", "{C9B05441-481A-48A0-AD6B-441BF88C3DDC}"
EndProject
Global
	GlobalSection(SolutionConfigurationPlatforms) = preSolution
		Debug|Any CPU = Debug|Any CPU
		Release|Any CPU = Release|Any CPU
	EndGlobalSection
	GlobalSection(SolutionProperties) = preSolution
		HideSolutionNode = FALSE
	EndGlobalSection
	GlobalSection(ProjectConfigurationPlatforms) = postSolution
		{CD6F4421-47E7-4E9A-BE51-F3CA42A78987}.Debug|Any CPU.ActiveCfg = Debug|Any CPU
		{CD6F4421-47E7-4E9A-BE51-F3CA42A78987}.Debug|Any CPU.Build.0 = Debug|Any CPU
		{CD6F4421-47E7-4E9A-BE51-F3CA42A78987}.Release|Any CPU.ActiveCfg = Release|Any CPU
		{CD6F4421-47E7-4E9A-BE51-F3CA42A78987}.Release|Any CPU.Build.0 = Release|Any CPU
		{77E1AF6F-BC83-4618-BC26-19051E96AD1F}.Debug|Any CPU.ActiveCfg = Debug|Any CPU
		{77E1AF6F-BC83-4618-BC26-19051E96AD1F}.Debug|Any CPU.Build.0 = Debug|Any CPU
		{77E1AF6F-BC83-4618-BC26-19051E96AD1F}.Release|Any CPU.ActiveCfg = Release|Any CPU
		{77E1AF6F-BC83-4618-BC26-19051E96AD1F}.Release|Any CPU.Build.0 = Release|Any CPU
		{45FEA7C0-7B8F-4CD3-A099-D8CF4C160C2A}.Debug|Any CPU.ActiveCfg = Debug|Any CPU
		{45FEA7C0-7B8F-4CD3-A099-D8CF4C160C2A}.Debug|Any CPU.Build.0 = Debug|Any CPU
		{45FEA7C0-7B8F-4CD3-A099-D8CF4C160C2A}.Release|Any CPU.ActiveCfg = Release|Any CPU
		{45FEA7C0-7B8F-4CD3-A099-D8CF4C160C2A}.Release|Any CPU.Build.0 = Release|Any CPU
		{C9B05441-481A-48A0-AD6B-441BF88C3DDC}.Debug|Any CPU.ActiveCfg = Debug|Any CPU
		{C9B05441-481A-48A0-AD6B-441BF88C3DDC}.Debug|Any CPU.Build.0 = Debug|Any CPU
		{C9B05441-481A-48A0-AD6B-441BF88C3DDC}.Release|Any CPU.ActiveCfg = Release|Any CPU
		{C9B05441-481A-48A0-AD6B-441BF88C3DDC}.Release|Any CPU.Build.0 = Release|Any CPU
	EndGlobalSection
EndGlobal
